
Microsoft Visual Studio Solution File, Format Version 12.00
# Visual Studio 14
VisualStudioVersion = 14.0.25123.0
MinimumVisualStudioVersion = 10.0.40219.1
Project("{FAE04EC0-301F-11D3-BF4B-00C04F79EFBC}") = "XamarinExercise.Droid", "XamarinExercise\XamarinExercise.Droid\XamarinExercise.Droid.csproj", "{9E6E5FE2-7136-4D8E-B02F-E1C9D91AE106}"
EndProject
Project("{FAE04EC0-301F-11D3-BF4B-00C04F79EFBC}") = "XamarinExercise.iOS", "XamarinExercise\XamarinExercise.iOS\XamarinExercise.iOS.csproj", "{9B4A7161-513D-4CAA-8ADD-6D13FC61CF41}"
EndProject
Project("{FAE04EC0-301F-11D3-BF4B-00C04F79EFBC}") = "XamarinExercise.UWP", "XamarinExercise\XamarinExercise.UWP\XamarinExercise.UWP.csproj", "{3C3C393A-3022-47BC-BAA6-2D971D57AD9A}"
EndProject
Project("{FAE04EC0-301F-11D3-BF4B-00C04F79EFBC}") = "XamarinExercise.Windows", "XamarinExercise\XamarinExercise.Windows\XamarinExercise.Windows.csproj", "{7AB298E4-7E7E-46D6-9284-C65A029BF250}"
EndProject
Project("{FAE04EC0-301F-11D3-BF4B-00C04F79EFBC}") = "XamarinExercise", "XamarinExercise\XamarinExercise\XamarinExercise.csproj", "{585C2281-C5E7-4F99-A98F-9620A6D2B3B8}"
EndProject
Global
	GlobalSection(SolutionConfigurationPlatforms) = preSolution
		Ad-Hoc|Any CPU = Ad-Hoc|Any CPU
		Ad-Hoc|ARM = Ad-Hoc|ARM
		Ad-Hoc|iPhone = Ad-Hoc|iPhone
		Ad-Hoc|iPhoneSimulator = Ad-Hoc|iPhoneSimulator
		Ad-Hoc|x64 = Ad-Hoc|x64
		Ad-Hoc|x86 = Ad-Hoc|x86
		AppStore|Any CPU = AppStore|Any CPU
		AppStore|ARM = AppStore|ARM
		AppStore|iPhone = AppStore|iPhone
		AppStore|iPhoneSimulator = AppStore|iPhoneSimulator
		AppStore|x64 = AppStore|x64
		AppStore|x86 = AppStore|x86
		Debug|Any CPU = Debug|Any CPU
		Debug|ARM = Debug|ARM
		Debug|iPhone = Debug|iPhone
		Debug|iPhoneSimulator = Debug|iPhoneSimulator
		Debug|x64 = Debug|x64
		Debug|x86 = Debug|x86
		Release|Any CPU = Release|Any CPU
		Release|ARM = Release|ARM
		Release|iPhone = Release|iPhone
		Release|iPhoneSimulator = Release|iPhoneSimulator
		Release|x64 = Release|x64
		Release|x86 = Release|x86
	EndGlobalSection
	GlobalSection(ProjectConfigurationPlatforms) = postSolution
		{9E6E5FE2-7136-4D8E-B02F-E1C9D91AE106}.Ad-Hoc|Any CPU.ActiveCfg = Release|Any CPU
		{9E6E5FE2-7136-4D8E-B02F-E1C9D91AE106}.Ad-Hoc|Any CPU.Build.0 = Release|Any CPU
		{9E6E5FE2-7136-4D8E-B02F-E1C9D91AE106}.Ad-Hoc|Any CPU.Deploy.0 = Release|Any CPU
		{9E6E5FE2-7136-4D8E-B02F-E1C9D91AE106}.Ad-Hoc|ARM.ActiveCfg = Release|Any CPU
		{9E6E5FE2-7136-4D8E-B02F-E1C9D91AE106}.Ad-Hoc|ARM.Build.0 = Release|Any CPU
		{9E6E5FE2-7136-4D8E-B02F-E1C9D91AE106}.Ad-Hoc|ARM.Deploy.0 = Release|Any CPU
		{9E6E5FE2-7136-4D8E-B02F-E1C9D91AE106}.Ad-Hoc|iPhone.ActiveCfg = Release|Any CPU
		{9E6E5FE2-7136-4D8E-B02F-E1C9D91AE106}.Ad-Hoc|iPhone.Build.0 = Release|Any CPU
		{9E6E5FE2-7136-4D8E-B02F-E1C9D91AE106}.Ad-Hoc|iPhone.Deploy.0 = Release|Any CPU
		{9E6E5FE2-7136-4D8E-B02F-E1C9D91AE106}.Ad-Hoc|iPhoneSimulator.ActiveCfg = Release|Any CPU
		{9E6E5FE2-7136-4D8E-B02F-E1C9D91AE106}.Ad-Hoc|iPhoneSimulator.Build.0 = Release|Any CPU
		{9E6E5FE2-7136-4D8E-B02F-E1C9D91AE106}.Ad-Hoc|iPhoneSimulator.Deploy.0 = Release|Any CPU
		{9E6E5FE2-7136-4D8E-B02F-E1C9D91AE106}.Ad-Hoc|x64.ActiveCfg = Release|Any CPU
		{9E6E5FE2-7136-4D8E-B02F-E1C9D91AE106}.Ad-Hoc|x64.Build.0 = Release|Any CPU
		{9E6E5FE2-7136-4D8E-B02F-E1C9D91AE106}.Ad-Hoc|x64.Deploy.0 = Release|Any CPU
		{9E6E5FE2-7136-4D8E-B02F-E1C9D91AE106}.Ad-Hoc|x86.ActiveCfg = Release|Any CPU
		{9E6E5FE2-7136-4D8E-B02F-E1C9D91AE106}.Ad-Hoc|x86.Build.0 = Release|Any CPU
		{9E6E5FE2-7136-4D8E-B02F-E1C9D91AE106}.Ad-Hoc|x86.Deploy.0 = Release|Any CPU
		{9E6E5FE2-7136-4D8E-B02F-E1C9D91AE106}.AppStore|Any CPU.ActiveCfg = Release|Any CPU
		{9E6E5FE2-7136-4D8E-B02F-E1C9D91AE106}.AppStore|Any CPU.Build.0 = Release|Any CPU
		{9E6E5FE2-7136-4D8E-B02F-E1C9D91AE106}.AppStore|Any CPU.Deploy.0 = Release|Any CPU
		{9E6E5FE2-7136-4D8E-B02F-E1C9D91AE106}.AppStore|ARM.ActiveCfg = Release|Any CPU
		{9E6E5FE2-7136-4D8E-B02F-E1C9D91AE106}.AppStore|ARM.Build.0 = Release|Any CPU
		{9E6E5FE2-7136-4D8E-B02F-E1C9D91AE106}.AppStore|ARM.Deploy.0 = Release|Any CPU
		{9E6E5FE2-7136-4D8E-B02F-E1C9D91AE106}.AppStore|iPhone.ActiveCfg = Release|Any CPU
		{9E6E5FE2-7136-4D8E-B02F-E1C9D91AE106}.AppStore|iPhone.Build.0 = Release|Any CPU
		{9E6E5FE2-7136-4D8E-B02F-E1C9D91AE106}.AppStore|iPhone.Deploy.0 = Release|Any CPU
		{9E6E5FE2-7136-4D8E-B02F-E1C9D91AE106}.AppStore|iPhoneSimulator.ActiveCfg = Release|Any CPU
		{9E6E5FE2-7136-4D8E-B02F-E1C9D91AE106}.AppStore|iPhoneSimulator.Build.0 = Release|Any CPU
		{9E6E5FE2-7136-4D8E-B02F-E1C9D91AE106}.AppStore|iPhoneSimulator.Deploy.0 = Release|Any CPU
		{9E6E5FE2-7136-4D8E-B02F-E1C9D91AE106}.AppStore|x64.ActiveCfg = Release|Any CPU
		{9E6E5FE2-7136-4D8E-B02F-E1C9D91AE106}.AppStore|x64.Build.0 = Release|Any CPU
		{9E6E5FE2-7136-4D8E-B02F-E1C9D91AE106}.AppStore|x64.Deploy.0 = Release|Any CPU
		{9E6E5FE2-7136-4D8E-B02F-E1C9D91AE106}.AppStore|x86.ActiveCfg = Release|Any CPU
		{9E6E5FE2-7136-4D8E-B02F-E1C9D91AE106}.AppStore|x86.Build.0 = Release|Any CPU
		{9E6E5FE2-7136-4D8E-B02F-E1C9D91AE106}.AppStore|x86.Deploy.0 = Release|Any CPU
		{9E6E5FE2-7136-4D8E-B02F-E1C9D91AE106}.Debug|Any CPU.ActiveCfg = Debug|Any CPU
		{9E6E5FE2-7136-4D8E-B02F-E1C9D91AE106}.Debug|Any CPU.Build.0 = Debug|Any CPU
		{9E6E5FE2-7136-4D8E-B02F-E1C9D91AE106}.Debug|Any CPU.Deploy.0 = Debug|Any CPU
		{9E6E5FE2-7136-4D8E-B02F-E1C9D91AE106}.Debug|ARM.ActiveCfg = Debug|Any CPU
		{9E6E5FE2-7136-4D8E-B02F-E1C9D91AE106}.Debug|ARM.Build.0 = Debug|Any CPU
		{9E6E5FE2-7136-4D8E-B02F-E1C9D91AE106}.Debug|ARM.Deploy.0 = Debug|Any CPU
		{9E6E5FE2-7136-4D8E-B02F-E1C9D91AE106}.Debug|iPhone.ActiveCfg = Debug|Any CPU
		{9E6E5FE2-7136-4D8E-B02F-E1C9D91AE106}.Debug|iPhone.Build.0 = Debug|Any CPU
		{9E6E5FE2-7136-4D8E-B02F-E1C9D91AE106}.Debug|iPhone.Deploy.0 = Debug|Any CPU
		{9E6E5FE2-7136-4D8E-B02F-E1C9D91AE106}.Debug|iPhoneSimulator.ActiveCfg = Debug|Any CPU
		{9E6E5FE2-7136-4D8E-B02F-E1C9D91AE106}.Debug|iPhoneSimulator.Build.0 = Debug|Any CPU
		{9E6E5FE2-7136-4D8E-B02F-E1C9D91AE106}.Debug|iPhoneSimulator.Deploy.0 = Debug|Any CPU
		{9E6E5FE2-7136-4D8E-B02F-E1C9D91AE106}.Debug|x64.ActiveCfg = Debug|Any CPU
		{9E6E5FE2-7136-4D8E-B02F-E1C9D91AE106}.Debug|x64.Build.0 = Debug|Any CPU
		{9E6E5FE2-7136-4D8E-B02F-E1C9D91AE106}.Debug|x64.Deploy.0 = Debug|Any CPU
		{9E6E5FE2-7136-4D8E-B02F-E1C9D91AE106}.Debug|x86.ActiveCfg = Debug|Any CPU
		{9E6E5FE2-7136-4D8E-B02F-E1C9D91AE106}.Debug|x86.Build.0 = Debug|Any CPU
		{9E6E5FE2-7136-4D8E-B02F-E1C9D91AE106}.Debug|x86.Deploy.0 = Debug|Any CPU
		{9E6E5FE2-7136-4D8E-B02F-E1C9D91AE106}.Release|Any CPU.ActiveCfg = Release|Any CPU
		{9E6E5FE2-7136-4D8E-B02F-E1C9D91AE106}.Release|Any CPU.Build.0 = Release|Any CPU
		{9E6E5FE2-7136-4D8E-B02F-E1C9D91AE106}.Release|Any CPU.Deploy.0 = Release|Any CPU
		{9E6E5FE2-7136-4D8E-B02F-E1C9D91AE106}.Release|ARM.ActiveCfg = Release|Any CPU
		{9E6E5FE2-7136-4D8E-B02F-E1C9D91AE106}.Release|ARM.Build.0 = Release|Any CPU
		{9E6E5FE2-7136-4D8E-B02F-E1C9D91AE106}.Release|ARM.Deploy.0 = Release|Any CPU
		{9E6E5FE2-7136-4D8E-B02F-E1C9D91AE106}.Release|iPhone.ActiveCfg = Release|Any CPU
		{9E6E5FE2-7136-4D8E-B02F-E1C9D91AE106}.Release|iPhone.Build.0 = Release|Any CPU
		{9E6E5FE2-7136-4D8E-B02F-E1C9D91AE106}.Release|iPhone.Deploy.0 = Release|Any CPU
		{9E6E5FE2-7136-4D8E-B02F-E1C9D91AE106}.Release|iPhoneSimulator.ActiveCfg = Release|Any CPU
		{9E6E5FE2-7136-4D8E-B02F-E1C9D91AE106}.Release|iPhoneSimulator.Build.0 = Release|Any CPU
		{9E6E5FE2-7136-4D8E-B02F-E1C9D91AE106}.Release|iPhoneSimulator.Deploy.0 = Release|Any CPU
		{9E6E5FE2-7136-4D8E-B02F-E1C9D91AE106}.Release|x64.ActiveCfg = Release|Any CPU
		{9E6E5FE2-7136-4D8E-B02F-E1C9D91AE106}.Release|x64.Build.0 = Release|Any CPU
		{9E6E5FE2-7136-4D8E-B02F-E1C9D91AE106}.Release|x64.Deploy.0 = Release|Any CPU
		{9E6E5FE2-7136-4D8E-B02F-E1C9D91AE106}.Release|x86.ActiveCfg = Release|Any CPU
		{9E6E5FE2-7136-4D8E-B02F-E1C9D91AE106}.Release|x86.Build.0 = Release|Any CPU
		{9E6E5FE2-7136-4D8E-B02F-E1C9D91AE106}.Release|x86.Deploy.0 = Release|Any CPU
		{9B4A7161-513D-4CAA-8ADD-6D13FC61CF41}.Ad-Hoc|Any CPU.ActiveCfg = Ad-Hoc|iPhone
		{9B4A7161-513D-4CAA-8ADD-6D13FC61CF41}.Ad-Hoc|ARM.ActiveCfg = Ad-Hoc|iPhone
		{9B4A7161-513D-4CAA-8ADD-6D13FC61CF41}.Ad-Hoc|iPhone.ActiveCfg = Ad-Hoc|iPhone
		{9B4A7161-513D-4CAA-8ADD-6D13FC61CF41}.Ad-Hoc|iPhone.Build.0 = Ad-Hoc|iPhone
		{9B4A7161-513D-4CAA-8ADD-6D13FC61CF41}.Ad-Hoc|iPhoneSimulator.ActiveCfg = Ad-Hoc|iPhoneSimulator
		{9B4A7161-513D-4CAA-8ADD-6D13FC61CF41}.Ad-Hoc|iPhoneSimulator.Build.0 = Ad-Hoc|iPhoneSimulator
		{9B4A7161-513D-4CAA-8ADD-6D13FC61CF41}.Ad-Hoc|x64.ActiveCfg = Ad-Hoc|iPhone
		{9B4A7161-513D-4CAA-8ADD-6D13FC61CF41}.Ad-Hoc|x86.ActiveCfg = Ad-Hoc|iPhone
		{9B4A7161-513D-4CAA-8ADD-6D13FC61CF41}.AppStore|Any CPU.ActiveCfg = AppStore|iPhone
		{9B4A7161-513D-4CAA-8ADD-6D13FC61CF41}.AppStore|ARM.ActiveCfg = AppStore|iPhone
		{9B4A7161-513D-4CAA-8ADD-6D13FC61CF41}.AppStore|iPhone.ActiveCfg = AppStore|iPhone
		{9B4A7161-513D-4CAA-8ADD-6D13FC61CF41}.AppStore|iPhone.Build.0 = AppStore|iPhone
		{9B4A7161-513D-4CAA-8ADD-6D13FC61CF41}.AppStore|iPhoneSimulator.ActiveCfg = AppStore|iPhoneSimulator
		{9B4A7161-513D-4CAA-8ADD-6D13FC61CF41}.AppStore|iPhoneSimulator.Build.0 = AppStore|iPhoneSimulator
		{9B4A7161-513D-4CAA-8ADD-6D13FC61CF41}.AppStore|x64.ActiveCfg = AppStore|iPhone
		{9B4A7161-513D-4CAA-8ADD-6D13FC61CF41}.AppStore|x86.ActiveCfg = AppStore|iPhone
		{9B4A7161-513D-4CAA-8ADD-6D13FC61CF41}.Debug|Any CPU.ActiveCfg = Debug|iPhone
		{9B4A7161-513D-4CAA-8ADD-6D13FC61CF41}.Debug|ARM.ActiveCfg = Debug|iPhone
		{9B4A7161-513D-4CAA-8ADD-6D13FC61CF41}.Debug|iPhone.ActiveCfg = Debug|iPhone
		{9B4A7161-513D-4CAA-8ADD-6D13FC61CF41}.Debug|iPhone.Build.0 = Debug|iPhone
		{9B4A7161-513D-4CAA-8ADD-6D13FC61CF41}.Debug|iPhoneSimulator.ActiveCfg = Debug|iPhoneSimulator
		{9B4A7161-513D-4CAA-8ADD-6D13FC61CF41}.Debug|iPhoneSimulator.Build.0 = Debug|iPhoneSimulator
		{9B4A7161-513D-4CAA-8ADD-6D13FC61CF41}.Debug|x64.ActiveCfg = Debug|iPhone
		{9B4A7161-513D-4CAA-8ADD-6D13FC61CF41}.Debug|x86.ActiveCfg = Debug|iPhone
		{9B4A7161-513D-4CAA-8ADD-6D13FC61CF41}.Release|Any CPU.ActiveCfg = Release|iPhone
		{9B4A7161-513D-4CAA-8ADD-6D13FC61CF41}.Release|ARM.ActiveCfg = Release|iPhone
		{9B4A7161-513D-4CAA-8ADD-6D13FC61CF41}.Release|iPhone.ActiveCfg = Release|iPhone
		{9B4A7161-513D-4CAA-8ADD-6D13FC61CF41}.Release|iPhone.Build.0 = Release|iPhone
		{9B4A7161-513D-4CAA-8ADD-6D13FC61CF41}.Release|iPhoneSimulator.ActiveCfg = Release|iPhoneSimulator
		{9B4A7161-513D-4CAA-8ADD-6D13FC61CF41}.Release|iPhoneSimulator.Build.0 = Release|iPhoneSimulator
		{9B4A7161-513D-4CAA-8ADD-6D13FC61CF41}.Release|x64.ActiveCfg = Release|iPhone
		{9B4A7161-513D-4CAA-8ADD-6D13FC61CF41}.Release|x86.ActiveCfg = Release|iPhone
		{3C3C393A-3022-47BC-BAA6-2D971D57AD9A}.Ad-Hoc|Any CPU.ActiveCfg = Release|x86
		{3C3C393A-3022-47BC-BAA6-2D971D57AD9A}.Ad-Hoc|Any CPU.Build.0 = Release|x86
		{3C3C393A-3022-47BC-BAA6-2D971D57AD9A}.Ad-Hoc|Any CPU.Deploy.0 = Release|x86
		{3C3C393A-3022-47BC-BAA6-2D971D57AD9A}.Ad-Hoc|ARM.ActiveCfg = Release|ARM
		{3C3C393A-3022-47BC-BAA6-2D971D57AD9A}.Ad-Hoc|ARM.Build.0 = Release|ARM
		{3C3C393A-3022-47BC-BAA6-2D971D57AD9A}.Ad-Hoc|ARM.Deploy.0 = Release|ARM
		{3C3C393A-3022-47BC-BAA6-2D971D57AD9A}.Ad-Hoc|iPhone.ActiveCfg = Release|x86
		{3C3C393A-3022-47BC-BAA6-2D971D57AD9A}.Ad-Hoc|iPhone.Build.0 = Release|x86
		{3C3C393A-3022-47BC-BAA6-2D971D57AD9A}.Ad-Hoc|iPhone.Deploy.0 = Release|x86
		{3C3C393A-3022-47BC-BAA6-2D971D57AD9A}.Ad-Hoc|iPhoneSimulator.ActiveCfg = Release|x86
		{3C3C393A-3022-47BC-BAA6-2D971D57AD9A}.Ad-Hoc|iPhoneSimulator.Build.0 = Release|x86
		{3C3C393A-3022-47BC-BAA6-2D971D57AD9A}.Ad-Hoc|iPhoneSimulator.Deploy.0 = Release|x86
		{3C3C393A-3022-47BC-BAA6-2D971D57AD9A}.Ad-Hoc|x64.ActiveCfg = Release|x64
		{3C3C393A-3022-47BC-BAA6-2D971D57AD9A}.Ad-Hoc|x64.Build.0 = Release|x64
		{3C3C393A-3022-47BC-BAA6-2D971D57AD9A}.Ad-Hoc|x64.Deploy.0 = Release|x64
		{3C3C393A-3022-47BC-BAA6-2D971D57AD9A}.Ad-Hoc|x86.ActiveCfg = Release|x86
		{3C3C393A-3022-47BC-BAA6-2D971D57AD9A}.Ad-Hoc|x86.Build.0 = Release|x86
		{3C3C393A-3022-47BC-BAA6-2D971D57AD9A}.Ad-Hoc|x86.Deploy.0 = Release|x86
		{3C3C393A-3022-47BC-BAA6-2D971D57AD9A}.AppStore|Any CPU.ActiveCfg = Release|x86
		{3C3C393A-3022-47BC-BAA6-2D971D57AD9A}.AppStore|Any CPU.Build.0 = Release|x86
		{3C3C393A-3022-47BC-BAA6-2D971D57AD9A}.AppStore|Any CPU.Deploy.0 = Release|x86
		{3C3C393A-3022-47BC-BAA6-2D971D57AD9A}.AppStore|ARM.ActiveCfg = Release|ARM
		{3C3C393A-3022-47BC-BAA6-2D971D57AD9A}.AppStore|ARM.Build.0 = Release|ARM
		{3C3C393A-3022-47BC-BAA6-2D971D57AD9A}.AppStore|ARM.Deploy.0 = Release|ARM
		{3C3C393A-3022-47BC-BAA6-2D971D57AD9A}.AppStore|iPhone.ActiveCfg = Release|x86
		{3C3C393A-3022-47BC-BAA6-2D971D57AD9A}.AppStore|iPhone.Build.0 = Release|x86
		{3C3C393A-3022-47BC-BAA6-2D971D57AD9A}.AppStore|iPhone.Deploy.0 = Release|x86
		{3C3C393A-3022-47BC-BAA6-2D971D57AD9A}.AppStore|iPhoneSimulator.ActiveCfg = Release|x86
		{3C3C393A-3022-47BC-BAA6-2D971D57AD9A}.AppStore|iPhoneSimulator.Build.0 = Release|x86
		{3C3C393A-3022-47BC-BAA6-2D971D57AD9A}.AppStore|iPhoneSimulator.Deploy.0 = Release|x86
		{3C3C393A-3022-47BC-BAA6-2D971D57AD9A}.AppStore|x64.ActiveCfg = Release|x64
		{3C3C393A-3022-47BC-BAA6-2D971D57AD9A}.AppStore|x64.Build.0 = Release|x64
		{3C3C393A-3022-47BC-BAA6-2D971D57AD9A}.AppStore|x64.Deploy.0 = Release|x64
		{3C3C393A-3022-47BC-BAA6-2D971D57AD9A}.AppStore|x86.ActiveCfg = Release|x86
		{3C3C393A-3022-47BC-BAA6-2D971D57AD9A}.AppStore|x86.Build.0 = Release|x86
		{3C3C393A-3022-47BC-BAA6-2D971D57AD9A}.AppStore|x86.Deploy.0 = Release|x86
		{3C3C393A-3022-47BC-BAA6-2D971D57AD9A}.Debug|Any CPU.ActiveCfg = Debug|x86
		{3C3C393A-3022-47BC-BAA6-2D971D57AD9A}.Debug|ARM.ActiveCfg = Debug|ARM
		{3C3C393A-3022-47BC-BAA6-2D971D57AD9A}.Debug|ARM.Build.0 = Debug|ARM
		{3C3C393A-3022-47BC-BAA6-2D971D57AD9A}.Debug|ARM.Deploy.0 = Debug|ARM
		{3C3C393A-3022-47BC-BAA6-2D971D57AD9A}.Debug|iPhone.ActiveCfg = Debug|x86
		{3C3C393A-3022-47BC-BAA6-2D971D57AD9A}.Debug|iPhoneSimulator.ActiveCfg = Debug|x86
		{3C3C393A-3022-47BC-BAA6-2D971D57AD9A}.Debug|x64.ActiveCfg = Debug|x64
		{3C3C393A-3022-47BC-BAA6-2D971D57AD9A}.Debug|x64.Build.0 = Debug|x64
		{3C3C393A-3022-47BC-BAA6-2D971D57AD9A}.Debug|x64.Deploy.0 = Debug|x64
		{3C3C393A-3022-47BC-BAA6-2D971D57AD9A}.Debug|x86.ActiveCfg = Debug|x86
		{3C3C393A-3022-47BC-BAA6-2D971D57AD9A}.Debug|x86.Build.0 = Debug|x86
		{3C3C393A-3022-47BC-BAA6-2D971D57AD9A}.Debug|x86.Deploy.0 = Debug|x86
		{3C3C393A-3022-47BC-BAA6-2D971D57AD9A}.Release|Any CPU.ActiveCfg = Release|x86
		{3C3C393A-3022-47BC-BAA6-2D971D57AD9A}.Release|ARM.ActiveCfg = Release|ARM
		{3C3C393A-3022-47BC-BAA6-2D971D57AD9A}.Release|ARM.Build.0 = Release|ARM
		{3C3C393A-3022-47BC-BAA6-2D971D57AD9A}.Release|ARM.Deploy.0 = Release|ARM
		{3C3C393A-3022-47BC-BAA6-2D971D57AD9A}.Release|iPhone.ActiveCfg = Release|x86
		{3C3C393A-3022-47BC-BAA6-2D971D57AD9A}.Release|iPhoneSimulator.ActiveCfg = Release|x86
		{3C3C393A-3022-47BC-BAA6-2D971D57AD9A}.Release|x64.ActiveCfg = Release|x64
		{3C3C393A-3022-47BC-BAA6-2D971D57AD9A}.Release|x64.Build.0 = Release|x64
		{3C3C393A-3022-47BC-BAA6-2D971D57AD9A}.Release|x64.Deploy.0 = Release|x64
		{3C3C393A-3022-47BC-BAA6-2D971D57AD9A}.Release|x86.ActiveCfg = Release|x86
		{3C3C393A-3022-47BC-BAA6-2D971D57AD9A}.Release|x86.Build.0 = Release|x86
		{3C3C393A-3022-47BC-BAA6-2D971D57AD9A}.Release|x86.Deploy.0 = Release|x86
		{7AB298E4-7E7E-46D6-9284-C65A029BF250}.Ad-Hoc|Any CPU.ActiveCfg = Release|Any CPU
		{7AB298E4-7E7E-46D6-9284-C65A029BF250}.Ad-Hoc|Any CPU.Build.0 = Release|Any CPU
		{7AB298E4-7E7E-46D6-9284-C65A029BF250}.Ad-Hoc|ARM.ActiveCfg = Release|ARM
		{7AB298E4-7E7E-46D6-9284-C65A029BF250}.Ad-Hoc|ARM.Build.0 = Release|ARM
		{7AB298E4-7E7E-46D6-9284-C65A029BF250}.Ad-Hoc|iPhone.ActiveCfg = Release|Any CPU
		{7AB298E4-7E7E-46D6-9284-C65A029BF250}.Ad-Hoc|iPhone.Build.0 = Release|Any CPU
		{7AB298E4-7E7E-46D6-9284-C65A029BF250}.Ad-Hoc|iPhoneSimulator.ActiveCfg = Release|Any CPU
		{7AB298E4-7E7E-46D6-9284-C65A029BF250}.Ad-Hoc|iPhoneSimulator.Build.0 = Release|Any CPU
		{7AB298E4-7E7E-46D6-9284-C65A029BF250}.Ad-Hoc|x64.ActiveCfg = Release|x64
		{7AB298E4-7E7E-46D6-9284-C65A029BF250}.Ad-Hoc|x64.Build.0 = Release|x64
		{7AB298E4-7E7E-46D6-9284-C65A029BF250}.Ad-Hoc|x86.ActiveCfg = Release|x86
		{7AB298E4-7E7E-46D6-9284-C65A029BF250}.Ad-Hoc|x86.Build.0 = Release|x86
		{7AB298E4-7E7E-46D6-9284-C65A029BF250}.AppStore|Any CPU.ActiveCfg = Release|Any CPU
		{7AB298E4-7E7E-46D6-9284-C65A029BF250}.AppStore|Any CPU.Build.0 = Release|Any CPU
		{7AB298E4-7E7E-46D6-9284-C65A029BF250}.AppStore|ARM.ActiveCfg = Release|ARM
		{7AB298E4-7E7E-46D6-9284-C65A029BF250}.AppStore|ARM.Build.0 = Release|ARM
		{7AB298E4-7E7E-46D6-9284-C65A029BF250}.AppStore|iPhone.ActiveCfg = Release|Any CPU
		{7AB298E4-7E7E-46D6-9284-C65A029BF250}.AppStore|iPhone.Build.0 = Release|Any CPU
		{7AB298E4-7E7E-46D6-9284-C65A029BF250}.AppStore|iPhoneSimulator.ActiveCfg = Release|Any CPU
		{7AB298E4-7E7E-46D6-9284-C65A029BF250}.AppStore|iPhoneSimulator.Build.0 = Release|Any CPU
		{7AB298E4-7E7E-46D6-9284-C65A029BF250}.AppStore|x64.ActiveCfg = Release|x64
		{7AB298E4-7E7E-46D6-9284-C65A029BF250}.AppStore|x64.Build.0 = Release|x64
		{7AB298E4-7E7E-46D6-9284-C65A029BF250}.AppStore|x86.ActiveCfg = Release|x86
		{7AB298E4-7E7E-46D6-9284-C65A029BF250}.AppStore|x86.Build.0 = Release|x86
		{7AB298E4-7E7E-46D6-9284-C65A029BF250}.Debug|Any CPU.ActiveCfg = Debug|Any CPU
		{7AB298E4-7E7E-46D6-9284-C65A029BF250}.Debug|Any CPU.Build.0 = Debug|Any CPU
		{7AB298E4-7E7E-46D6-9284-C65A029BF250}.Debug|ARM.ActiveCfg = Debug|ARM
		{7AB298E4-7E7E-46D6-9284-C65A029BF250}.Debug|ARM.Build.0 = Debug|ARM
		{7AB298E4-7E7E-46D6-9284-C65A029BF250}.Debug|iPhone.ActiveCfg = Debug|Any CPU
		{7AB298E4-7E7E-46D6-9284-C65A029BF250}.Debug|iPhone.Build.0 = Debug|Any CPU
		{7AB298E4-7E7E-46D6-9284-C65A029BF250}.Debug|iPhoneSimulator.ActiveCfg = Debug|Any CPU
		{7AB298E4-7E7E-46D6-9284-C65A029BF250}.Debug|iPhoneSimulator.Build.0 = Debug|Any CPU
		{7AB298E4-7E7E-46D6-9284-C65A029BF250}.Debug|x64.ActiveCfg = Debug|x64
		{7AB298E4-7E7E-46D6-9284-C65A029BF250}.Debug|x64.Build.0 = Debug|x64
		{7AB298E4-7E7E-46D6-9284-C65A029BF250}.Debug|x86.ActiveCfg = Debug|x86
		{7AB298E4-7E7E-46D6-9284-C65A029BF250}.Debug|x86.Build.0 = Debug|x86
		{7AB298E4-7E7E-46D6-9284-C65A029BF250}.Release|Any CPU.ActiveCfg = Release|Any CPU
		{7AB298E4-7E7E-46D6-9284-C65A029BF250}.Release|Any CPU.Build.0 = Release|Any CPU
		{7AB298E4-7E7E-46D6-9284-C65A029BF250}.Release|ARM.ActiveCfg = Release|ARM
		{7AB298E4-7E7E-46D6-9284-C65A029BF250}.Release|ARM.Build.0 = Release|ARM
		{7AB298E4-7E7E-46D6-9284-C65A029BF250}.Release|iPhone.ActiveCfg = Release|Any CPU
		{7AB298E4-7E7E-46D6-9284-C65A029BF250}.Release|iPhone.Build.0 = Release|Any CPU
		{7AB298E4-7E7E-46D6-9284-C65A029BF250}.Release|iPhoneSimulator.ActiveCfg = Release|Any CPU
		{7AB298E4-7E7E-46D6-9284-C65A029BF250}.Release|iPhoneSimulator.Build.0 = Release|Any CPU
		{7AB298E4-7E7E-46D6-9284-C65A029BF250}.Release|x64.ActiveCfg = Release|x64
		{7AB298E4-7E7E-46D6-9284-C65A029BF250}.Release|x64.Build.0 = Release|x64
		{7AB298E4-7E7E-46D6-9284-C65A029BF250}.Release|x86.ActiveCfg = Release|x86
		{7AB298E4-7E7E-46D6-9284-C65A029BF250}.Release|x86.Build.0 = Release|x86
		{585C2281-C5E7-4F99-A98F-9620A6D2B3B8}.Ad-Hoc|Any CPU.ActiveCfg = Release|Any CPU
		{585C2281-C5E7-4F99-A98F-9620A6D2B3B8}.Ad-Hoc|Any CPU.Build.0 = Release|Any CPU
		{585C2281-C5E7-4F99-A98F-9620A6D2B3B8}.Ad-Hoc|ARM.ActiveCfg = Release|Any CPU
		{585C2281-C5E7-4F99-A98F-9620A6D2B3B8}.Ad-Hoc|ARM.Build.0 = Release|Any CPU
		{585C2281-C5E7-4F99-A98F-9620A6D2B3B8}.Ad-Hoc|iPhone.ActiveCfg = Release|Any CPU
		{585C2281-C5E7-4F99-A98F-9620A6D2B3B8}.Ad-Hoc|iPhone.Build.0 = Release|Any CPU
		{585C2281-C5E7-4F99-A98F-9620A6D2B3B8}.Ad-Hoc|iPhoneSimulator.ActiveCfg = Release|Any CPU
		{585C2281-C5E7-4F99-A98F-9620A6D2B3B8}.Ad-Hoc|iPhoneSimulator.Build.0 = Release|Any CPU
		{585C2281-C5E7-4F99-A98F-9620A6D2B3B8}.Ad-Hoc|x64.ActiveCfg = Release|Any CPU
		{585C2281-C5E7-4F99-A98F-9620A6D2B3B8}.Ad-Hoc|x64.Build.0 = Release|Any CPU
		{585C2281-C5E7-4F99-A98F-9620A6D2B3B8}.Ad-Hoc|x86.ActiveCfg = Release|Any CPU
		{585C2281-C5E7-4F99-A98F-9620A6D2B3B8}.Ad-Hoc|x86.Build.0 = Release|Any CPU
		{585C2281-C5E7-4F99-A98F-9620A6D2B3B8}.AppStore|Any CPU.ActiveCfg = Release|Any CPU
		{585C2281-C5E7-4F99-A98F-9620A6D2B3B8}.AppStore|Any CPU.Build.0 = Release|Any CPU
		{585C2281-C5E7-4F99-A98F-9620A6D2B3B8}.AppStore|ARM.ActiveCfg = Release|Any CPU
		{585C2281-C5E7-4F99-A98F-9620A6D2B3B8}.AppStore|ARM.Build.0 = Release|Any CPU
		{585C2281-C5E7-4F99-A98F-9620A6D2B3B8}.AppStore|iPhone.ActiveCfg = Release|Any CPU
		{585C2281-C5E7-4F99-A98F-9620A6D2B3B8}.AppStore|iPhone.Build.0 = Release|Any CPU
		{585C2281-C5E7-4F99-A98F-9620A6D2B3B8}.AppStore|iPhoneSimulator.ActiveCfg = Release|Any CPU
		{585C2281-C5E7-4F99-A98F-9620A6D2B3B8}.AppStore|iPhoneSimulator.Build.0 = Release|Any CPU
		{585C2281-C5E7-4F99-A98F-9620A6D2B3B8}.AppStore|x64.ActiveCfg = Release|Any CPU
		{585C2281-C5E7-4F99-A98F-9620A6D2B3B8}.AppStore|x64.Build.0 = Release|Any CPU
		{585C2281-C5E7-4F99-A98F-9620A6D2B3B8}.AppStore|x86.ActiveCfg = Release|Any CPU
		{585C2281-C5E7-4F99-A98F-9620A6D2B3B8}.AppStore|x86.Build.0 = Release|Any CPU
		{585C2281-C5E7-4F99-A98F-9620A6D2B3B8}.Debug|Any CPU.ActiveCfg = Debug|Any CPU
		{585C2281-C5E7-4F99-A98F-9620A6D2B3B8}.Debug|Any CPU.Build.0 = Debug|Any CPU
		{585C2281-C5E7-4F99-A98F-9620A6D2B3B8}.Debug|ARM.ActiveCfg = Debug|Any CPU
		{585C2281-C5E7-4F99-A98F-9620A6D2B3B8}.Debug|ARM.Build.0 = Debug|Any CPU
		{585C2281-C5E7-4F99-A98F-9620A6D2B3B8}.Debug|iPhone.ActiveCfg = Debug|Any CPU
		{585C2281-C5E7-4F99-A98F-9620A6D2B3B8}.Debug|iPhone.Build.0 = Debug|Any CPU
		{585C2281-C5E7-4F99-A98F-9620A6D2B3B8}.Debug|iPhoneSimulator.ActiveCfg = Debug|Any CPU
		{585C2281-C5E7-4F99-A98F-9620A6D2B3B8}.Debug|iPhoneSimulator.Build.0 = Debug|Any CPU
		{585C2281-C5E7-4F99-A98F-9620A6D2B3B8}.Debug|x64.ActiveCfg = Debug|Any CPU
		{585C2281-C5E7-4F99-A98F-9620A6D2B3B8}.Debug|x64.Build.0 = Debug|Any CPU
		{585C2281-C5E7-4F99-A98F-9620A6D2B3B8}.Debug|x86.ActiveCfg = Debug|Any CPU
		{585C2281-C5E7-4F99-A98F-9620A6D2B3B8}.Debug|x86.Build.0 = Debug|Any CPU
		{585C2281-C5E7-4F99-A98F-9620A6D2B3B8}.Release|Any CPU.ActiveCfg = Release|Any CPU
		{585C2281-C5E7-4F99-A98F-9620A6D2B3B8}.Release|Any CPU.Build.0 = Release|Any CPU
		{585C2281-C5E7-4F99-A98F-9620A6D2B3B8}.Release|ARM.ActiveCfg = Release|Any CPU
		{585C2281-C5E7-4F99-A98F-9620A6D2B3B8}.Release|ARM.Build.0 = Release|Any CPU
		{585C2281-C5E7-4F99-A98F-9620A6D2B3B8}.Release|iPhone.ActiveCfg = Release|Any CPU
		{585C2281-C5E7-4F99-A98F-9620A6D2B3B8}.Release|iPhone.Build.0 = Release|Any CPU
		{585C2281-C5E7-4F99-A98F-9620A6D2B3B8}.Release|iPhoneSimulator.ActiveCfg = Release|Any CPU
		{585C2281-C5E7-4F99-A98F-9620A6D2B3B8}.Release|iPhoneSimulator.Build.0 = Release|Any CPU
		{585C2281-C5E7-4F99-A98F-9620A6D2B3B8}.Release|x64.ActiveCfg = Release|Any CPU
		{585C2281-C5E7-4F99-A98F-9620A6D2B3B8}.Release|x64.Build.0 = Release|Any CPU
		{585C2281-C5E7-4F99-A98F-9620A6D2B3B8}.Release|x86.ActiveCfg = Release|Any CPU
		{585C2281-C5E7-4F99-A98F-9620A6D2B3B8}.Release|x86.Build.0 = Release|Any CPU
	EndGlobalSection
	GlobalSection(SolutionProperties) = preSolution
		HideSolutionNode = FALSE
	EndGlobalSection
EndGlobal
